Microsoft Visual Studio Solution File, Format Version 12.00
# Visual Studio 2012
Project("{FAE04EC0-301F-11D3-BF4B-00C04F79EFBC}") = "GAME_JAM", "GAME_JAM.csproj", "{10CF70E1-7C80-4A0C-B132-6A960994AC5D}"
EndProject
Global
	GlobalSection(SolutionConfigurationPlatforms) = preSolution
	Debug|Any CPU = Debug|Any CPU
	ExportDebug|Any CPU = ExportDebug|Any CPU
	ExportRelease|Any CPU = ExportRelease|Any CPU
	EndGlobalSection
	GlobalSection(ProjectConfigurationPlatforms) = postSolution
		{10CF70E1-7C80-4A0C-B132-6A960994AC5D}.Debug|Any CPU.ActiveCfg = Debug|Any CPU
		{10CF70E1-7C80-4A0C-B132-6A960994AC5D}.Debug|Any CPU.Build.0 = Debug|Any CPU
		{10CF70E1-7C80-4A0C-B132-6A960994AC5D}.ExportDebug|Any CPU.ActiveCfg = ExportDebug|Any CPU
		{10CF70E1-7C80-4A0C-B132-6A960994AC5D}.ExportDebug|Any CPU.Build.0 = ExportDebug|Any CPU
		{10CF70E1-7C80-4A0C-B132-6A960994AC5D}.ExportRelease|Any CPU.ActiveCfg = ExportRelease|Any CPU
		{10CF70E1-7C80-4A0C-B132-6A960994AC5D}.ExportRelease|Any CPU.Build.0 = ExportRelease|Any CPU
	EndGlobalSection
EndGlobal
